// !$*UTF8*$!
{
	archiveVersion = 1;
	classes = {
	};
	objectVersion = 46;
	objects = {

/* Begin PBXBuildFile section */
		7F9014621C92F0DE00EF8B99 /* AppDelegate.swift in Sources */ = {isa = PBXBuildFile; fileRef = 7F9014611C92F0DE00EF8B99 /* AppDelegate.swift */; };
		7F9014641C92F0DE00EF8B99 /* ViewController.swift in Sources */ = {isa = PBXBuildFile; fileRef = 7F9014631C92F0DE00EF8B99 /* ViewController.swift */; };
		7F90146A1C92F0DE00EF8B99 /* SubclassUIView.xcdatamodeld in Sources */ = {isa = PBXBuildFile; fileRef = 7F9014681C92F0DE00EF8B99 /* SubclassUIView.xcdatamodeld */; };
		7F90146C1C92F0DE00EF8B99 /* Assets.xcassets in Resources */ = {isa = PBXBuildFile; fileRef = 7F90146B1C92F0DE00EF8B99 /* Assets.xcassets */; };
		7F90147A1C92F0DE00EF8B99 /* SubclassUIViewTests.swift in Sources */ = {isa = PBXBuildFile; fileRef = 7F9014791C92F0DE00EF8B99 /* SubclassUIViewTests.swift */; };
		7F9014851C92F0DE00EF8B99 /* SubclassUIViewUITests.swift in Sources */ = {isa = PBXBuildFile; fileRef = 7F9014841C92F0DE00EF8B99 /* SubclassUIViewUITests.swift */; };
		7F9014931C92F48000EF8B99 /* CustomTabView.swift in Sources */ = {isa = PBXBuildFile; fileRef = 7F9014921C92F48000EF8B99 /* CustomTabView.swift */; };
		7F9014951C92F4C500EF8B99 /* CustomTabView.xib in Resources */ = {isa = PBXBuildFile; fileRef = 7F9014941C92F4C500EF8B99 /* CustomTabView.xib */; };
/* End PBXBuildFile section */

/* Begin PBXContainerItemProxy section */
		7F9014761C92F0DE00EF8B99 /* PBXContainerItemProxy */ = {
			isa = PBXContainerItemProxy;
			containerPortal = 7F9014561C92F0DE00EF8B99 /* Project object */;
			proxyType = 1;
			remoteGlobalIDString = 7F90145D1C92F0DE00EF8B99;
			remoteInfo = SubclassUIView;
		};
		7F9014811C92F0DE00EF8B99 /* PBXContainerItemProxy */ = {
			isa = PBXContainerItemProxy;
			containerPortal = 7F9014561C92F0DE00EF8B99 /* Project object */;
			proxyType = 1;
			remoteGlobalIDString = 7F90145D1C92F0DE00EF8B99;
			remoteInfo = SubclassUIView;
		};
/* End PBXContainerItemProxy section */

/* Begin PBXFileReference section */
		7F90145E1C92F0DE00EF8B99 /* SubclassUIView.app */ = {isa = PBXFileReference; explicitFileType = wrapper.application; includeInIndex = 0; path = SubclassUIView.app; sourceTree = BUILT_PRODUCTS_DIR; };
		7F9014611C92F0DE00EF8B99 /* AppDelegate.swift */ = {isa = PBXFileReference; lastKnownFileType = sourcecode.swift; path = AppDelegate.swift; sourceTree = "<group>"; };
		7F9014631C92F0DE00EF8B99 /* ViewController.swift */ = {isa = PBXFileReference; lastKnownFileType = sourcecode.swift; path = ViewController.swift; sourceTree = "<group>"; };
		7F9014691C92F0DE00EF8B99 /* SubclassUIView.xcdatamodel */ = {isa = PBXFileReference; lastKnownFileType = wrapper.xcdatamodel; path = SubclassUIView.xcdatamodel; sourceTree = "<group>"; };
		7F90146B1C92F0DE00EF8B99 /* Assets.xcassets */ = {isa = PBXFileReference; lastKnownFileType = folder.assetcatalog; path = Assets.xcassets; sourceTree = "<group>"; };
		7F9014701C92F0DE00EF8B99 /* Info.plist */ = {isa = PBXFileReference; lastKnownFileType = text.plist.xml; path = Info.plist; sourceTree = "<group>"; };
		7F9014751C92F0DE00EF8B99 /* SubclassUIViewTests.xctest */ = {isa = PBXFileReference; explicitFileType = wrapper.cfbundle; includeInIndex = 0; path = SubclassUIViewTests.xctest; sourceTree = BUILT_PRODUCTS_DIR; };
		7F9014791C92F0DE00EF8B99 /* SubclassUIViewTests.swift */ = {isa = PBXFileReference; lastKnownFileType = sourcecode.swift; path = SubclassUIViewTests.swift; sourceTree = "<group>"; };
		7F90147B1C92F0DE00EF8B99 /* Info.plist */ = {isa = PBXFileReference; lastKnownFileType = text.plist.xml; path = Info.plist; sourceTree = "<group>"; };
		7F9014801C92F0DE00EF8B99 /* SubclassUIViewUITests.xctest */ = {isa = PBXFileReference; explicitFileType = wrapper.cfbundle; includeInIndex = 0; path = SubclassUIViewUITests.xctest; sourceTree = BUILT_PRODUCTS_DIR; };
		7F9014841C92F0DE00EF8B99 /* SubclassUIViewUITests.swift */ = {isa = PBXFileReference; lastKnownFileType = sourcecode.swift; path = SubclassUIViewUITests.swift; sourceTree = "<group>"; };
		7F9014861C92F0DE00EF8B99 /* Info.plist */ = {isa = PBXFileReference; lastKnownFileType = text.plist.xml; path = Info.plist; sourceTree = "<group>"; };
		7F9014921C92F48000EF8B99 /* CustomTabView.swift */ = {isa = PBXFileReference; fileEncoding = 4; lastKnownFileType = sourcecode.swift; path = CustomTabView.swift; sourceTree = "<group>"; };
		7F9014941C92F4C500EF8B99 /* CustomTabView.xib */ = {isa = PBXFileReference; fileEncoding = 4; lastKnownFileType = file.xib; path = CustomTabView.xib; sourceTree = "<group>"; };
/* End PBXFileReference section */

/* Begin PBXFrameworksBuildPhase section */
		7F90145B1C92F0DE00EF8B99 /* Frameworks */ = {
			isa = PBXFrameworksBuildPhase;
			buildActionMask = 2147483647;
			files = (
			);
			runOnlyForDeploymentPostprocessing = 0;
		};
		7F9014721C92F0DE00EF8B99 /* Frameworks */ = {
			isa = PBXFrameworksBuildPhase;
			buildActionMask = 2147483647;
			files = (
			);
			runOnlyForDeploymentPostprocessing = 0;
		};
		7F90147D1C92F0DE00EF8B99 /* Frameworks */ = {
			isa = PBXFrameworksBuildPhase;
			buildActionMask = 2147483647;
			files = (
			);
			runOnlyForDeploymentPostprocessing = 0;
		};
/* End PBXFrameworksBuildPhase section */

/* Begin PBXGroup section */
		7F9014551C92F0DE00EF8B99 = {
			isa = PBXGroup;
			children = (
				7F9014601C92F0DE00EF8B99 /* SubclassUIView */,
				7F9014781C92F0DE00EF8B99 /* SubclassUIViewTests */,
				7F9014831C92F0DE00EF8B99 /* SubclassUIViewUITests */,
				7F90145F1C92F0DE00EF8B99 /* Products */,
			);
			sourceTree = "<group>";
		};
		7F90145F1C92F0DE00EF8B99 /* Products */ = {
			isa = PBXGroup;
			children = (
				7F90145E1C92F0DE00EF8B99 /* SubclassUIView.app */,
				7F9014751C92F0DE00EF8B99 /* SubclassUIViewTests.xctest */,
				7F9014801C92F0DE00EF8B99 /* SubclassUIViewUITests.xctest */,
			);
			name = Products;
			sourceTree = "<group>";
		};
		7F9014601C92F0DE00EF8B99 /* SubclassUIView */ = {
			isa = PBXGroup;
			children = (
				7F9014611C92F0DE00EF8B99 /* AppDelegate.swift */,
				7F9014631C92F0DE00EF8B99 /* ViewController.swift */,
				7F90146B1C92F0DE00EF8B99 /* Assets.xcassets */,
				7F9014701C92F0DE00EF8B99 /* Info.plist */,
				7F9014681C92F0DE00EF8B99 /* SubclassUIView.xcdatamodeld */,
				7F9014921C92F48000EF8B99 /* CustomTabView.swift */,
				7F9014941C92F4C500EF8B99 /* CustomTabView.xib */,
			);
			path = SubclassUIView;
			sourceTree = "<group>";
		};
		7F9014781C92F0DE00EF8B99 /* SubclassUIViewTests */ = {
			isa = PBXGroup;
			children = (
				7F9014791C92F0DE00EF8B99 /* SubclassUIViewTests.swift */,
				7F90147B1C92F0DE00EF8B99 /* Info.plist */,
			);
			path = SubclassUIViewTests;
			sourceTree = "<group>";
		};
		7F9014831C92F0DE00EF8B99 /* SubclassUIViewUITests */ = {
			isa = PBXGroup;
			children = (
				7F9014841C92F0DE00EF8B99 /* SubclassUIViewUITests.swift */,
				7F9014861C92F0DE00EF8B99 /* Info.plist */,
			);
			path = SubclassUIViewUITests;
			sourceTree = "<group>";
		};
/* End PBXGroup section */

/* Begin PBXNativeTarget section */
		7F90145D1C92F0DE00EF8B99 /* SubclassUIView */ = {
			isa = PBXNativeTarget;
			buildConfigurationList = 7F9014891C92F0DE00EF8B99 /* Build configuration list for PBXNativeTarget "SubclassUIView" */;
			buildPhases = (
				7F90145A1C92F0DE00EF8B99 /* Sources */,
				7F90145B1C92F0DE00EF8B99 /* Frameworks */,
				7F90145C1C92F0DE00EF8B99 /* Resources */,
			);
			buildRules = (
			);
			dependencies = (
			);
			name = SubclassUIView;
			productName = SubclassUIView;
			productReference = 7F90145E1C92F0DE00EF8B99 /* SubclassUIView.app */;
			productType = "com.apple.product-type.application";
		};
		7F9014741C92F0DE00EF8B99 /* SubclassUIViewTests */ = {
			isa = PBXNativeTarget;
			buildConfigurationList = 7F90148C1C92F0DE00EF8B99 /* Build configuration list for PBXNativeTarget "SubclassUIViewTests" */;
			buildPhases = (
				7F9014711C92F0DE00EF8B99 /* Sources */,
				7F9014721C92F0DE00EF8B99 /* Frameworks */,
				7F9014731C92F0DE00EF8B99 /* Resources */,
			);
			buildRules = (
			);
			dependencies = (
				7F9014771C92F0DE00EF8B99 /* PBXTargetDependency */,
			);
			name = SubclassUIViewTests;
			productName = SubclassUIViewTests;
			productReference = 7F9014751C92F0DE00EF8B99 /* SubclassUIViewTests.xctest */;
			productType = "com.apple.product-type.bundle.unit-test";
		};
		7F90147F1C92F0DE00EF8B99 /* SubclassUIViewUITests */ = {
			isa = PBXNativeTarget;
			buildConfigurationList = 7F90148F1C92F0DE00EF8B99 /* Build configuration list for PBXNativeTarget "SubclassUIViewUITests" */;
			buildPhases = (
				7F90147C1C92F0DE00EF8B99 /* Sources */,
				7F90147D1C92F0DE00EF8B99 /* Frameworks */,
				7F90147E1C92F0DE00EF8B99 /* Resources */,
			);
			buildRules = (
			);
			dependencies = (
				7F9014821C92F0DE00EF8B99 /* PBXTargetDependency */,
			);
			name = SubclassUIViewUITests;
			productName = SubclassUIViewUITests;
			productReference = 7F9014801C92F0DE00EF8B99 /* SubclassUIViewUITests.xctest */;
			productType = "com.apple.product-type.bundle.ui-testing";
		};
/* End PBXNativeTarget section */

/* Begin PBXProject section */
		7F9014561C92F0DE00EF8B99 /* Project object */ = {
			isa = PBXProject;
			attributes = {
				LastSwiftUpdateCheck = 0720;
				LastUpgradeCheck = 0720;
				ORGANIZATIONNAME = "Yoshizumi Ashikawa";
				TargetAttributes = {
					7F90145D1C92F0DE00EF8B99 = {
						CreatedOnToolsVersion = 7.2;
					};
					7F9014741C92F0DE00EF8B99 = {
						CreatedOnToolsVersion = 7.2;
						TestTargetID = 7F90145D1C92F0DE00EF8B99;
					};
					7F90147F1C92F0DE00EF8B99 = {
						CreatedOnToolsVersion = 7.2;
						TestTargetID = 7F90145D1C92F0DE00EF8B99;
					};
				};
			};
			buildConfigurationList = 7F9014591C92F0DE00EF8B99 /* Build configuration list for PBXProject "SubclassUIView" */;
			compatibilityVersion = "Xcode 3.2";
			developmentRegion = English;
			hasScannedForEncodings = 0;
			knownRegions = (
				en,
				Base,
			);
			mainGroup = 7F9014551C92F0DE00EF8B99;
			productRefGroup = 7F90145F1C92F0DE00EF8B99 /* Products */;
			projectDirPath = "";
			projectRoot = "";
			targets = (
				7F90145D1C92F0DE00EF8B99 /* SubclassUIView */,
				7F9014741C92F0DE00EF8B99 /* SubclassUIViewTests */,
				7F90147F1C92F0DE00EF8B99 /* SubclassUIViewUITests */,
			);
		};
/* End PBXProject section */

/* Begin PBXResourcesBuildPhase section */
		7F90145C1C92F0DE00EF8B99 /* Resources */ = {
			isa = PBXResourcesBuildPhase;
			buildActionMask = 2147483647;
			files = (
				7F90146C1C92F0DE00EF8B99 /* Assets.xcassets in Resources */,
				7F9014951C92F4C500EF8B99 /* CustomTabView.xib in Resources */,
			);
			runOnlyForDeploymentPostprocessing = 0;
		};
		7F9014731C92F0DE00EF8B99 /* Resources */ = {
			isa = PBXResourcesBuildPhase;
			buildActionMask = 2147483647;
			files = (
			);
			runOnlyForDeploymentPostprocessing = 0;
		};
		7F90147E1C92F0DE00EF8B99 /* Resources */ = {
			isa = PBXResourcesBuildPhase;
			buildActionMask = 2147483647;
			files = (
			);
			runOnlyForDeploymentPostprocessing = 0;
		};
/* End PBXResourcesBuildPhase section */

/* Begin PBXSourcesBuildPhase section */
		7F90145A1C92F0DE00EF8B99 /* Sources */ = {
			isa = PBXSourcesBuildPhase;
			buildActionMask = 2147483647;
			files = (
				7F9014931C92F48000EF8B99 /* CustomTabView.swift in Sources */,
				7F9014641C92F0DE00EF8B99 /* ViewController.swift in Sources */,
				7F9014621C92F0DE00EF8B99 /* AppDelegate.swift in Sources */,
				7F90146A1C92F0DE00EF8B99 /* SubclassUIView.xcdatamodeld in Sources */,
			);
			runOnlyForDeploymentPostprocessing = 0;
		};
		7F9014711C92F0DE00EF8B99 /* Sources */ = {
			isa = PBXSourcesBuildPhase;
			buildActionMask = 2147483647;
			files = (
				7F90147A1C92F0DE00EF8B99 /* SubclassUIViewTests.swift in Sources */,
			);
			runOnlyForDeploymentPostprocessing = 0;
		};
		7F90147C1C92F0DE00EF8B99 /* Sources */ = {
			isa = PBXSourcesBuildPhase;
			buildActionMask = 2147483647;
			files = (
				7F9014851C92F0DE00EF8B99 /* SubclassUIViewUITests.swift in Sources */,
			);
			runOnlyForDeploymentPostprocessing = 0;
		};
/* End PBXSourcesBuildPhase section */

/* Begin PBXTargetDependency section */
		7F9014771C92F0DE00EF8B99 /* PBXTargetDependency */ = {
			isa = PBXTargetDependency;
			target = 7F90145D1C92F0DE00EF8B99 /* SubclassUIView */;
			targetProxy = 7F9014761C92F0DE00EF8B99 /* PBXContainerItemProxy */;
		};
		7F9014821C92F0DE00EF8B99 /* PBXTargetDependency */ = {
			isa = PBXTargetDependency;
			target = 7F90145D1C92F0DE00EF8B99 /* SubclassUIView */;
			targetProxy = 7F9014811C92F0DE00EF8B99 /* PBXContainerItemProxy */;
		};
/* End PBXTargetDependency section */

/* Begin XCBuildConfiguration section */
		7F9014871C92F0DE00EF8B99 /* Debug */ = {
			isa = XCBuildConfiguration;
			buildSettings = {
				ALWAYS_SEARCH_USER_PATHS = NO;
				CLANG_CXX_LANGUAGE_STANDARD = "gnu++0x";
				CLANG_CXX_LIBRARY = "libc++";
				CLANG_ENABLE_MODULES = YES;
				CLANG_ENABLE_OBJC_ARC = YES;
				CLANG_WARN_BOOL_CONVERSION = YES;
				CLANG_WARN_CONSTANT_CONVERSION = YES;
				CLANG_WARN_DIRECT_OBJC_ISA_USAGE = YES_ERROR;
				CLANG_WARN_EMPTY_BODY = YES;
				CLANG_WARN_ENUM_CONVERSION = YES;
				CLANG_WARN_INT_CONVERSION = YES;
				CLANG_WARN_OBJC_ROOT_CLASS = YES_ERROR;
				CLANG_WARN_UNREACHABLE_CODE = YES;
				CLANG_WARN__DUPLICATE_METHOD_MATCH = YES;
				"CODE_SIGN_IDENTITY[sdk=iphoneos*]" = "iPhone Developer";
				COPY_PHASE_STRIP = NO;
				DEBUG_INFORMATION_FORMAT = dwarf;
				ENABLE_STRICT_OBJC_MSGSEND = YES;
				ENABLE_TESTABILITY = YES;
				GCC_C_LANGUAGE_STANDARD = gnu99;
				GCC_DYNAMIC_NO_PIC = NO;
				GCC_NO_COMMON_BLOCKS = YES;
				GCC_OPTIMIZATION_LEVEL = 0;
				GCC_PREPROCESSOR_DEFINITIONS = (
					"DEBUG=1",
					"$(inherited)",
				);
				GCC_WARN_64_TO_32_BIT_CONVERSION = YES;
				GCC_WARN_ABOUT_RETURN_TYPE = YES_ERROR;
				GCC_WARN_UNDECLARED_SELECTOR = YES;
				GCC_WARN_UNINITIALIZED_AUTOS = YES_AGGRESSIVE;
				GCC_WARN_UNUSED_FUNCTION = YES;
				GCC_WARN_UNUSED_VARIABLE = YES;
				IPHONEOS_DEPLOYMENT_TARGET = 9.2;
				MTL_ENABLE_DEBUG_INFO = YES;
				ONLY_ACTIVE_ARCH = YES;
				SDKROOT = iphoneos;
				SWIFT_OPTIMIZATION_LEVEL = "-Onone";
				TARGETED_DEVICE_FAMILY = 2;
			};
			name = Debug;
		};
		7F9014881C92F0DE00EF8B99 /* Release */ = {
			isa = XCBuildConfiguration;
			buildSettings = {
				ALWAYS_SEARCH_USER_PATHS = NO;
				CLANG_CXX_LANGUAGE_STANDARD = "gnu++0x";
				CLANG_CXX_LIBRARY = "libc++";
				CLANG_ENABLE_MODULES = YES;
				CLANG_ENABLE_OBJC_ARC = YES;
				CLANG_WARN_BOOL_CONVERSION = YES;
				CLANG_WARN_CONSTANT_CONVERSION = YES;
				CLANG_WARN_DIRECT_OBJC_ISA_USAGE = YES_ERROR;
				CLANG_WARN_EMPTY_BODY = YES;
				CLANG_WARN_ENUM_CONVERSION = YES;
				CLANG_WARN_INT_CONVERSION = YES;
				CLANG_WARN_OBJC_ROOT_CLASS = YES_ERROR;
				CLANG_WARN_UNREACHABLE_CODE = YES;
				CLANG_WARN__DUPLICATE_METHOD_MATCH = YES;
				"CODE_SIGN_IDENTITY[sdk=iphoneos*]" = "iPhone Developer";
				COPY_PHASE_STRIP = NO;
				DEBUG_INFORMATION_FORMAT = "dwarf-with-dsym";
				ENABLE_NS_ASSERTIONS = NO;
				ENABLE_STRICT_OBJC_MSGSEND = YES;
				GCC_C_LANGUAGE_STANDARD = gnu99;
				GCC_NO_COMMON_BLOCKS = YES;
				GCC_WARN_64_TO_32_BIT_CONVERSION = YES;
				GCC_WARN_ABOUT_RETURN_TYPE = YES_ERROR;
				GCC_WARN_UNDECLARED_SELECTOR = YES;
				GCC_WARN_UNINITIALIZED_AUTOS = YES_AGGRESSIVE;
				GCC_WARN_UNUSED_FUNCTION = YES;
				GCC_WARN_UNUSED_VARIABLE = YES;
				IPHONEOS_DEPLOYMENT_TARGET = 9.2;
				MTL_ENABLE_DEBUG_INFO = NO;
				SDKROOT = iphoneos;
				TARGETED_DEVICE_FAMILY = 2;
				VALIDATE_PRODUCT = YES;
			};
			name = Release;
		};
		7F90148A1C92F0DE00EF8B99 /* Debug */ = {
			isa = XCBuildConfiguration;
			buildSettings = {
				ASSETCATALOG_COMPILER_APPICON_NAME = AppIcon;
				INFOPLIST_FILE = SubclassUIView/Info.plist;
				LD_RUNPATH_SEARCH_PATHS = "$(inherited) @executable_path/Frameworks";
				PRODUCT_BUNDLE_IDENTIFIER = ashikawa.SubclassUIView;
				PRODUCT_NAME = "$(TARGET_NAME)";
			};
			name = Debug;
		};
		7F90148B1C92F0DE00EF8B99 /* Release */ = {
			isa = XCBuildConfiguration;
			buildSettings = {
				ASSETCATALOG_COMPILER_APPICON_NAME = AppIcon;
				INFOPLIST_FILE = SubclassUIView/Info.plist;
				LD_RUNPATH_SEARCH_PATHS = "$(inherited) @executable_path/Frameworks";
				PRODUCT_BUNDLE_IDENTIFIER = ashikawa.SubclassUIView;
				PRODUCT_NAME = "$(TARGET_NAME)";
			};
			name = Release;
		};
		7F90148D1C92F0DE00EF8B99 /* Debug */ = {
			isa = XCBuildConfiguration;
			buildSettings = {
				BUNDLE_LOADER = "$(TEST_HOST)";
				INFOPLIST_FILE = SubclassUIViewTests/Info.plist;
				LD_RUNPATH_SEARCH_PATHS = "$(inherited) @executable_path/Frameworks @loader_path/Frameworks";
				PRODUCT_BUNDLE_IDENTIFIER = ashikawa.SubclassUIViewTests;
				PRODUCT_NAME = "$(TARGET_NAME)";
				TEST_HOST = "$(BUILT_PRODUCTS_DIR)/SubclassUIView.app/SubclassUIView";
			};
			name = Debug;
		};
		7F90148E1C92F0DE00EF8B99 /* Release */ = {
			isa = XCBuildConfiguration;
			buildSettings = {
				BUNDLE_LOADER = "$(TEST_HOST)";
				INFOPLIST_FILE = SubclassUIViewTests/Info.plist;
				LD_RUNPATH_SEARCH_PATHS = "$(inherited) @executable_path/Frameworks @loader_path/Frameworks";
				PRODUCT_BUNDLE_IDENTIFIER = ashikawa.SubclassUIViewTests;
				PRODUCT_NAME = "$(TARGET_NAME)";
				TEST_HOST = "$(BUILT_PRODUCTS_DIR)/SubclassUIView.app/SubclassUIView";
			};
			name = Release;
		};
		7F9014901C92F0DE00EF8B99 /* Debug */ = {
			isa = XCBuildConfiguration;
			buildSettings = {
				INFOPLIST_FILE = SubclassUIViewUITests/Info.plist;
				LD_RUNPATH_SEARCH_PATHS = "$(inherited) @executable_path/Frameworks @loader_path/Frameworks";
				PRODUCT_BUNDLE_IDENTIFIER = ashikawa.SubclassUIViewUITests;
				PRODUCT_NAME = "$(TARGET_NAME)";
				TEST_TARGET_NAME = SubclassUIView;
				USES_XCTRUNNER = YES;
			};
			name = Debug;
		};
		7F9014911C92F0DE00EF8B99 /* Release */ = {
			isa = XCBuildConfiguration;
			buildSettings = {
				INFOPLIST_FILE = SubclassUIViewUITests/Info.plist;
				LD_RUNPATH_SEARCH_PATHS = "$(inherited) @executable_path/Frameworks @loader_path/Frameworks";
				PRODUCT_BUNDLE_IDENTIFIER = ashikawa.SubclassUIViewUITests;
				PRODUCT_NAME = "$(TARGET_NAME)";
				TEST_TARGET_NAME = SubclassUIView;
				USES_XCTRUNNER = YES;
			};
			name = Release;
		};
/* End XCBuildConfiguration section */

/* Begin XCConfigurationList section */
		7F9014591C92F0DE00EF8B99 /* Build configuration list for PBXProject "SubclassUIView" */ = {
			isa = XCConfigurationList;
			buildConfigurations = (
				7F9014871C92F0DE00EF8B99 /* Debug */,
				7F9014881C92F0DE00EF8B99 /* Release */,
			);
			defaultConfigurationIsVisible = 0;
			defaultConfigurationName = Release;
		};
		7F9014891C92F0DE00EF8B99 /* Build configuration list for PBXNativeTarget "SubclassUIView" */ = {
			isa = XCConfigurationList;
			buildConfigurations = (
				7F90148A1C92F0DE00EF8B99 /* Debug */,
				7F90148B1C92F0DE00EF8B99 /* Release */,
			);
			defaultConfigurationIsVisible = 0;
		};
		7F90148C1C92F0DE00EF8B99 /* Build configuration list for PBXNativeTarget "SubclassUIViewTests" */ = {
			isa = XCConfigurationList;
			buildConfigurations = (
				7F90148D1C92F0DE00EF8B99 /* Debug */,
				7F90148E1C92F0DE00EF8B99 /* Release */,
			);
			defaultConfigurationIsVisible = 0;
		};
		7F90148F1C92F0DE00EF8B99 /* Build configuration list for PBXNativeTarget "SubclassUIViewUITests" */ = {
			isa = XCConfigurationList;
			buildConfigurations = (
				7F9014901C92F0DE00EF8B99 /* Debug */,
				7F9014911C92F0DE00EF8B99 /* Release */,
			);
			defaultConfigurationIsVisible = 0;
		};
/* End XCConfigurationList section */

/* Begin XCVersionGroup section */
		7F9014681C92F0DE00EF8B99 /* SubclassUIView.xcdatamodeld */ = {
			isa = XCVersionGroup;
			children = (
				7F9014691C92F0DE00EF8B99 /* SubclassUIView.xcdatamodel */,
			);
			currentVersion = 7F9014691C92F0DE00EF8B99 /* SubclassUIView.xcdatamodel */;
			path = SubclassUIView.xcdatamodeld;
			sourceTree = "<group>";
			versionGroupType = wrapper.xcdatamodel;
		};
/* End XCVersionGroup section */
	};
	rootObject = 7F9014561C92F0DE00EF8B99 /* Project object */;
}
